
Microsoft Visual Studio Solution File, Format Version 12.00
# Visual Studio Version 17
VisualStudioVersion = 17.7.34302.85
MinimumVisualStudioVersion = 10.0.40219.1
Project("{9A19103F-16F7-4668-BE54-9A1E7A4F7556}") = "RacingFront", "RacingFront.csproj", "{03765998-17D3-489D-8E7B-F90C0D7E4A81}"
EndProject
Project("{FAE04EC0-301F-11D3-BF4B-00C04F79EFBC}") = "RacingBack", "..\RacingBack\RacingBack.csproj", "{065BEEC8-2E9E-4ADD-B220-04135F01A518}"
EndProject
Project("{FAE04EC0-301F-11D3-BF4B-00C04F79EFBC}") = "RacingAPI", "..\RacingAPI\RacingAPI.csproj", "{58F8B541-9567-4240-8F3E-AC5272818D69}"
EndProject
Global
	GlobalSection(SolutionConfigurationPlatforms) = preSolution
		Debug|Any CPU = Debug|Any CPU
		Release|Any CPU = Release|Any CPU
	EndGlobalSection
	GlobalSection(ProjectConfigurationPlatforms) = postSolution
		{03765998-17D3-489D-8E7B-F90C0D7E4A81}.Debug|Any CPU.ActiveCfg = Debug|Any CPU
		{03765998-17D3-489D-8E7B-F90C0D7E4A81}.Debug|Any CPU.Build.0 = Debug|Any CPU
		{03765998-17D3-489D-8E7B-F90C0D7E4A81}.Release|Any CPU.ActiveCfg = Release|Any CPU
		{03765998-17D3-489D-8E7B-F90C0D7E4A81}.Release|Any CPU.Build.0 = Release|Any CPU
		{065BEEC8-2E9E-4ADD-B220-04135F01A518}.Debug|Any CPU.ActiveCfg = Debug|Any CPU
		{065BEEC8-2E9E-4ADD-B220-04135F01A518}.Debug|Any CPU.Build.0 = Debug|Any CPU
		{065BEEC8-2E9E-4ADD-B220-04135F01A518}.Release|Any CPU.ActiveCfg = Release|Any CPU
		{065BEEC8-2E9E-4ADD-B220-04135F01A518}.Release|Any CPU.Build.0 = Release|Any CPU
		{58F8B541-9567-4240-8F3E-AC5272818D69}.Debug|Any CPU.ActiveCfg = Debug|Any CPU
		{58F8B541-9567-4240-8F3E-AC5272818D69}.Debug|Any CPU.Build.0 = Debug|Any CPU
		{58F8B541-9567-4240-8F3E-AC5272818D69}.Release|Any CPU.ActiveCfg = Release|Any CPU
		{58F8B541-9567-4240-8F3E-AC5272818D69}.Release|Any CPU.Build.0 = Release|Any CPU
	EndGlobalSection
	GlobalSection(SolutionProperties) = preSolution
		HideSolutionNode = FALSE
	EndGlobalSection
	GlobalSection(ExtensibilityGlobals) = postSolution
		SolutionGuid = {6431E163-E1AA-4BF5-B4A0-D241B8D28600}
	EndGlobalSection
EndGlobal
